# THIS IS AN AUTOGENERATED FILE. DO NOT EDIT THIS FILE DIRECTLY.
# yarn lockfile v1


js-cookie@^3.0.0:
  version "3.0.0"
  resolved "https://registry.yarnpkg.com/js-cookie/-/js-cookie-3.0.0.tgz#db1661d5459920ec95aaf186ccf74ceb4a495164"
  integrity sha512-oUbbplKuH07/XX2YD2+Q+GMiPpnVXaRz8npE7suhBH9QEkJe2W7mQ6rwuMXHue3fpfcftQwzgyvGzIHyfCSngQ==
